# This file is automatically @generated by Poetry 1.6.1 and should not be changed by hand.

[[package]]
name = "annotated-types"
version = "0.6.0"
description = "Reusable constraint types to use with typing.Annotated"
optional = false
python-versions = ">=3.8"
files = [
    {file = "annotated_types-0.6.0-py3-none-any.whl", hash = "sha256:0641064de18ba7a25dee8f96403ebc39113d0cb953a01429249d5c7564666a43"},
    {file = "annotated_types-0.6.0.tar.gz", hash = "sha256:563339e807e53ffd9c267e99fc6d9ea23eb8443c08f112651963e24e22f84a5d"},
]

[[package]]
name = "anyio"
version = "4.1.0"
description = "High level compatibility layer for multiple asynchronous event loop implementations"
optional = false
python-versions = ">=3.8"
files = [
    {file = "anyio-4.1.0-py3-none-any.whl", hash = "sha256:56a415fbc462291813a94528a779597226619c8e78af7de0507333f700011e5f"},
    {file = "anyio-4.1.0.tar.gz", hash = "sha256:5a0bec7085176715be77df87fc66d6c9d70626bd752fcc85f57cdbee5b3760da"},
]

[package.dependencies]
exceptiongroup = {version = ">=1.0.2", markers = "python_version < \"3.11\""}
idna = ">=2.8"
sniffio = ">=1.1"

[package.extras]
doc = ["Sphinx (>=7)", "packaging", "sphinx-autodoc-typehints (>=1.2.0)", "sphinx-rtd-theme"]
test = ["anyio[trio]", "coverage[toml] (>=7)", "exceptiongroup (>=1.2.0)", "hypothesis (>=4.0)", "psutil (>=5.9)", "pytest (>=7.0)", "pytest-mock (>=3.6.1)", "trustme", "uvloop (>=0.17)"]
trio = ["trio (>=0.23)"]

[[package]]
name = "black"
version = "23.12.0"
description = "The uncompromising code formatter."
optional = false
python-versions = ">=3.8"
files = [
    {file = "black-23.12.0-cp310-cp310-macosx_10_9_x86_64.whl", hash = "sha256:67f19562d367468ab59bd6c36a72b2c84bc2f16b59788690e02bbcb140a77175"},
    {file = "black-23.12.0-cp310-cp310-macosx_11_0_arm64.whl", hash = "sha256:bbd75d9f28a7283b7426160ca21c5bd640ca7cd8ef6630b4754b6df9e2da8462"},
    {file = "black-23.12.0-cp310-cp310-manylinux_2_17_x86_64.manylinux2014_x86_64.whl", hash = "sha256:593596f699ca2dcbbbdfa59fcda7d8ad6604370c10228223cd6cf6ce1ce7ed7e"},
    {file = "black-23.12.0-cp310-cp310-win_amd64.whl", hash = "sha256:12d5f10cce8dc27202e9a252acd1c9a426c83f95496c959406c96b785a92bb7d"},
    {file = "black-23.12.0-cp311-cp311-macosx_10_9_x86_64.whl", hash = "sha256:e73c5e3d37e5a3513d16b33305713237a234396ae56769b839d7c40759b8a41c"},
    {file = "black-23.12.0-cp311-cp311-macosx_11_0_arm64.whl", hash = "sha256:ba09cae1657c4f8a8c9ff6cfd4a6baaf915bb4ef7d03acffe6a2f6585fa1bd01"},
    {file = "black-23.12.0-cp311-cp311-manylinux_2_17_x86_64.manylinux2014_x86_64.whl", hash = "sha256:ace64c1a349c162d6da3cef91e3b0e78c4fc596ffde9413efa0525456148873d"},
    {file = "black-23.12.0-cp311-cp311-win_amd64.whl", hash = "sha256:72db37a2266b16d256b3ea88b9affcdd5c41a74db551ec3dd4609a59c17d25bf"},
    {file = "black-23.12.0-cp312-cp312-macosx_10_9_x86_64.whl", hash = "sha256:fdf6f23c83078a6c8da2442f4d4eeb19c28ac2a6416da7671b72f0295c4a697b"},
    {file = "black-23.12.0-cp312-cp312-macosx_11_0_arm64.whl", hash = "sha256:39dda060b9b395a6b7bf9c5db28ac87b3c3f48d4fdff470fa8a94ab8271da47e"},
    {file = "black-23.12.0-cp312-cp312-manylinux_2_17_x86_64.manylinux2014_x86_64.whl", hash = "sha256:7231670266ca5191a76cb838185d9be59cfa4f5dd401b7c1c70b993c58f6b1b5"},
    {file = "black-23.12.0-cp312-cp312-win_amd64.whl", hash = "sha256:193946e634e80bfb3aec41830f5d7431f8dd5b20d11d89be14b84a97c6b8bc75"},
    {file = "black-23.12.0-cp38-cp38-macosx_10_9_x86_64.whl", hash = "sha256:bcf91b01ddd91a2fed9a8006d7baa94ccefe7e518556470cf40213bd3d44bbbc"},
    {file = "black-23.12.0-cp38-cp38-macosx_11_0_arm64.whl", hash = "sha256:996650a89fe5892714ea4ea87bc45e41a59a1e01675c42c433a35b490e5aa3f0"},
    {file = "black-23.12.0-cp38-cp38-manylinux_2_17_x86_64.manylinux2014_x86_64.whl", hash = "sha256:bdbff34c487239a63d86db0c9385b27cdd68b1bfa4e706aa74bb94a435403672"},
    {file = "black-23.12.0-cp38-cp38-win_amd64.whl", hash = "sha256:97af22278043a6a1272daca10a6f4d36c04dfa77e61cbaaf4482e08f3640e9f0"},
    {file = "black-23.12.0-cp39-cp39-macosx_10_9_x86_64.whl", hash = "sha256:ead25c273adfad1095a8ad32afdb8304933efba56e3c1d31b0fee4143a1e424a"},
    {file = "black-23.12.0-cp39-cp39-macosx_11_0_arm64.whl", hash = "sha256:c71048345bdbced456cddf1622832276d98a710196b842407840ae8055ade6ee"},
    {file = "black-23.12.0-cp39-cp39-manylinux_2_17_x86_64.manylinux2014_x86_64.whl", hash = "sha256:81a832b6e00eef2c13b3239d514ea3b7d5cc3eaa03d0474eedcbbda59441ba5d"},
    {file = "black-23.12.0-cp39-cp39-win_amd64.whl", hash = "sha256:6a82a711d13e61840fb11a6dfecc7287f2424f1ca34765e70c909a35ffa7fb95"},
    {file = "black-23.12.0-py3-none-any.whl", hash = "sha256:a7c07db8200b5315dc07e331dda4d889a56f6bf4db6a9c2a526fa3166a81614f"},
    {file = "black-23.12.0.tar.gz", hash = "sha256:330a327b422aca0634ecd115985c1c7fd7bdb5b5a2ef8aa9888a82e2ebe9437a"},
]

[package.dependencies]
click = ">=8.0.0"
mypy-extensions = ">=0.4.3"
packaging = ">=22.0"
pathspec = ">=0.9.0"
platformdirs = ">=2"
tomli = {version = ">=1.1.0", markers = "python_version < \"3.11\""}
typing-extensions = {version = ">=4.0.1", markers = "python_version < \"3.11\""}

[package.extras]
colorama = ["colorama (>=0.4.3)"]
d = ["aiohttp (>=3.7.4)", "aiohttp (>=3.7.4,!=3.9.0)"]
jupyter = ["ipython (>=7.8.0)", "tokenize-rt (>=3.2.0)"]
uvloop = ["uvloop (>=0.15.2)"]

[[package]]
name = "certifi"
version = "2023.11.17"
description = "Python package for providing Mozilla's CA Bundle."
optional = false
python-versions = ">=3.6"
files = [
    {file = "certifi-2023.11.17-py3-none-any.whl", hash = "sha256:e036ab49d5b79556f99cfc2d9320b34cfbe5be05c5871b51de9329f0603b0474"},
    {file = "certifi-2023.11.17.tar.gz", hash = "sha256:9b469f3a900bf28dc19b8cfbf8019bf47f7fdd1a65a1d4ffb98fc14166beb4d1"},
]

[[package]]
name = "click"
version = "8.1.7"
description = "Composable command line interface toolkit"
optional = false
python-versions = ">=3.7"
files = [
    {file = "click-8.1.7-py3-none-any.whl", hash = "sha256:ae74fb96c20a0277a1d615f1e4d73c8414f5a98db8b799a7931d1582f3390c28"},
    {file = "click-8.1.7.tar.gz", hash = "sha256:ca9853ad459e787e2192211578cc907e7594e294c7ccc834310722b41b9ca6de"},
]

[package.dependencies]
colorama = {version = "*", markers = "platform_system == \"Windows\""}

[[package]]
name = "colorama"
version = "0.4.6"
description = "Cross-platform colored terminal text."
optional = false
python-versions = "!=3.0.*,!=3.1.*,!=3.2.*,!=3.3.*,!=3.4.*,!=3.5.*,!=3.6.*,>=2.7"
files = [
    {file = "colorama-0.4.6-py2.py3-none-any.whl", hash = "sha256:4f1d9991f5acc0ca119f9d443620b77f9d6b33703e51011c16baf57afb285fc6"},
    {file = "colorama-0.4.6.tar.gz", hash = "sha256:08695f5cb7ed6e0531a20572697297273c47b8cae5a63ffc6d6ed5c201be6e44"},
]

[[package]]
name = "coverage"
version = "7.3.3"
description = "Code coverage measurement for Python"
optional = false
python-versions = ">=3.8"
files = [
    {file = "coverage-7.3.3-cp310-cp310-macosx_10_9_x86_64.whl", hash = "sha256:d874434e0cb7b90f7af2b6e3309b0733cde8ec1476eb47db148ed7deeb2a9494"},
    {file = "coverage-7.3.3-cp310-cp310-macosx_11_0_arm64.whl", hash = "sha256:ee6621dccce8af666b8c4651f9f43467bfbf409607c604b840b78f4ff3619aeb"},
    {file = "coverage-7.3.3-cp310-cp310-manylinux_2_17_aarch64.manylinux2014_aarch64.whl", hash = "sha256:1367aa411afb4431ab58fd7ee102adb2665894d047c490649e86219327183134"},
    {file = "coverage-7.3.3-cp310-cp310-manylinux_2_5_i686.manylinux1_i686.manylinux_2_17_i686.manylinux2014_i686.whl", hash = "sha256:1f0f8f0c497eb9c9f18f21de0750c8d8b4b9c7000b43996a094290b59d0e7523"},
    {file = "coverage-7.3.3-cp310-cp310-manylinux_2_5_x86_64.manylinux1_x86_64.manylinux_2_17_x86_64.manylinux2014_x86_64.whl", hash = "sha256:db0338c4b0951d93d547e0ff8d8ea340fecf5885f5b00b23be5aa99549e14cfd"},
    {file = "coverage-7.3.3-cp310-cp310-musllinux_1_1_aarch64.whl", hash = "sha256:d31650d313bd90d027f4be7663dfa2241079edd780b56ac416b56eebe0a21aab"},
    {file = "coverage-7.3.3-cp310-cp310-musllinux_1_1_i686.whl", hash = "sha256:9437a4074b43c177c92c96d051957592afd85ba00d3e92002c8ef45ee75df438"},
    {file = "coverage-7.3.3-cp310-cp310-musllinux_1_1_x86_64.whl", hash = "sha256:9e17d9cb06c13b4f2ef570355fa45797d10f19ca71395910b249e3f77942a837"},
    {file = "coverage-7.3.3-cp310-cp310-win32.whl", hash = "sha256:eee5e741b43ea1b49d98ab6e40f7e299e97715af2488d1c77a90de4a663a86e2"},
    {file = "coverage-7.3.3-cp310-cp310-win_amd64.whl", hash = "sha256:593efa42160c15c59ee9b66c5f27a453ed3968718e6e58431cdfb2d50d5ad284"},
    {file = "coverage-7.3.3-cp311-cp311-macosx_10_9_x86_64.whl", hash = "sha256:8c944cf1775235c0857829c275c777a2c3e33032e544bcef614036f337ac37bb"},
    {file = "coverage-7.3.3-cp311-cp311-macosx_11_0_arm64.whl", hash = "sha256:eda7f6e92358ac9e1717ce1f0377ed2b9320cea070906ece4e5c11d172a45a39"},
    {file = "coverage-7.3.3-cp311-cp311-manylinux_2_17_aarch64.manylinux2014_aarch64.whl", hash = "sha256:3c854c1d2c7d3e47f7120b560d1a30c1ca221e207439608d27bc4d08fd4aeae8"},
    {file = "coverage-7.3.3-cp311-cp311-manylinux_2_5_i686.manylinux1_i686.manylinux_2_17_i686.manylinux2014_i686.whl", hash = "sha256:222b038f08a7ebed1e4e78ccf3c09a1ca4ac3da16de983e66520973443b546bc"},
    {file = "coverage-7.3.3-cp311-cp311-manylinux_2_5_x86_64.manylinux1_x86_64.manylinux_2_17_x86_64.manylinux2014_x86_64.whl", hash = "sha256:ff4800783d85bff132f2cc7d007426ec698cdce08c3062c8d501ad3f4ea3d16c"},
    {file = "coverage-7.3.3-cp311-cp311-musllinux_1_1_aarch64.whl", hash = "sha256:fc200cec654311ca2c3f5ab3ce2220521b3d4732f68e1b1e79bef8fcfc1f2b97"},
    {file = "coverage-7.3.3-cp311-cp311-musllinux_1_1_i686.whl", hash = "sha256:307aecb65bb77cbfebf2eb6e12009e9034d050c6c69d8a5f3f737b329f4f15fb"},
    {file = "coverage-7.3.3-cp311-cp311-musllinux_1_1_x86_64.whl", hash = "sha256:ffb0eacbadb705c0a6969b0adf468f126b064f3362411df95f6d4f31c40d31c1"},
    {file = "coverage-7.3.3-cp311-cp311-win32.whl", hash = "sha256:79c32f875fd7c0ed8d642b221cf81feba98183d2ff14d1f37a1bbce6b0347d9f"},
    {file = "coverage-7.3.3-cp311-cp311-win_amd64.whl", hash = "sha256:243576944f7c1a1205e5cd658533a50eba662c74f9be4c050d51c69bd4532936"},
    {file = "coverage-7.3.3-cp312-cp312-macosx_10_9_x86_64.whl", hash = "sha256:a2ac4245f18057dfec3b0074c4eb366953bca6787f1ec397c004c78176a23d56"},
    {file = "coverage-7.3.3-cp312-cp312-macosx_11_0_arm64.whl", hash = "sha256:f9191be7af41f0b54324ded600e8ddbcabea23e1e8ba419d9a53b241dece821d"},
    {file = "coverage-7.3.3-cp312-cp312-manylinux_2_17_aarch64.manylinux2014_aarch64.whl", hash = "sha256:31c0b1b8b5a4aebf8fcd227237fc4263aa7fa0ddcd4d288d42f50eff18b0bac4"},
    {file = "coverage-7.3.3-cp312-cp312-manylinux_2_5_i686.manylinux1_i686.manylinux_2_17_i686.manylinux2014_i686.whl", hash = "sha256:ee453085279df1bac0996bc97004771a4a052b1f1e23f6101213e3796ff3cb85"},
    {file = "coverage-7.3.3-cp312-cp312-manylinux_2_5_x86_64.manylinux1_x86_64.manylinux_2_17_x86_64.manylinux2014_x86_64.whl", hash = "sha256:1191270b06ecd68b1d00897b2daddb98e1719f63750969614ceb3438228c088e"},
    {file = "coverage-7.3.3-cp312-cp312-musllinux_1_1_aarch64.whl", hash = "sha256:007a7e49831cfe387473e92e9ff07377f6121120669ddc39674e7244350a6a29"},
    {file = "coverage-7.3.3-cp312-cp312-musllinux_1_1_i686.whl", hash = "sha256:af75cf83c2d57717a8493ed2246d34b1f3398cb8a92b10fd7a1858cad8e78f59"},
    {file = "coverage-7.3.3-cp312-cp312-musllinux_1_1_x86_64.whl", hash = "sha256:811ca7373da32f1ccee2927dc27dc523462fd30674a80102f86c6753d6681bc6"},
    {file = "coverage-7.3.3-cp312-cp312-win32.whl", hash = "sha256:733537a182b5d62184f2a72796eb6901299898231a8e4f84c858c68684b25a70"},
    {file = "coverage-7.3.3-cp312-cp312-win_amd64.whl", hash = "sha256:e995efb191f04b01ced307dbd7407ebf6e6dc209b528d75583277b10fd1800ee"},
    {file = "coverage-7.3.3-cp38-cp38-macosx_10_9_x86_64.whl", hash = "sha256:fbd8a5fe6c893de21a3c6835071ec116d79334fbdf641743332e442a3466f7ea"},
    {file = "coverage-7.3.3-cp38-cp38-macosx_11_0_arm64.whl", hash = "sha256:50c472c1916540f8b2deef10cdc736cd2b3d1464d3945e4da0333862270dcb15"},
    {file = "coverage-7.3.3-cp38-cp38-manylinux_2_17_aarch64.manylinux2014_aarch64.whl", hash = "sha256:2e9223a18f51d00d3ce239c39fc41410489ec7a248a84fab443fbb39c943616c"},
    {file = "coverage-7.3.3-cp38-cp38-manylinux_2_5_i686.manylinux1_i686.manylinux_2_17_i686.manylinux2014_i686.whl", hash = "sha256:f501e36ac428c1b334c41e196ff6bd550c0353c7314716e80055b1f0a32ba394"},
    {file = "coverage-7.3.3-cp38-cp38-manylinux_2_5_x86_64.manylinux1_x86_64.manylinux_2_17_x86_64.manylinux2014_x86_64.whl", hash = "sha256:475de8213ed95a6b6283056d180b2442eee38d5948d735cd3d3b52b86dd65b92"},
    {file = "coverage-7.3.3-cp38-cp38-musllinux_1_1_aarch64.whl", hash = "sha256:afdcc10c01d0db217fc0a64f58c7edd635b8f27787fea0a3054b856a6dff8717"},
    {file = "coverage-7.3.3-cp38-cp38-musllinux_1_1_i686.whl", hash = "sha256:fff0b2f249ac642fd735f009b8363c2b46cf406d3caec00e4deeb79b5ff39b40"},
    {file = "coverage-7.3.3-cp38-cp38-musllinux_1_1_x86_64.whl", hash = "sha256:a1f76cfc122c9e0f62dbe0460ec9cc7696fc9a0293931a33b8870f78cf83a327"},
    {file = "coverage-7.3.3-cp38-cp38-win32.whl", hash = "sha256:757453848c18d7ab5d5b5f1827293d580f156f1c2c8cef45bfc21f37d8681069"},
    {file = "coverage-7.3.3-cp38-cp38-win_amd64.whl", hash = "sha256:ad2453b852a1316c8a103c9c970db8fbc262f4f6b930aa6c606df9b2766eee06"},
    {file = "coverage-7.3.3-cp39-cp39-macosx_10_9_x86_64.whl", hash = "sha256:3b15e03b8ee6a908db48eccf4e4e42397f146ab1e91c6324da44197a45cb9132"},
    {file = "coverage-7.3.3-cp39-cp39-macosx_11_0_arm64.whl", hash = "sha256:89400aa1752e09f666cc48708eaa171eef0ebe3d5f74044b614729231763ae69"},
    {file = "coverage-7.3.3-cp39-cp39-manylinux_2_17_aarch64.manylinux2014_aarch64.whl", hash = "sha256:c59a3e59fb95e6d72e71dc915e6d7fa568863fad0a80b33bc7b82d6e9f844973"},
    {file = "coverage-7.3.3-cp39-cp39-manylinux_2_5_i686.manylinux1_i686.manylinux_2_17_i686.manylinux2014_i686.whl", hash = "sha256:9ede881c7618f9cf93e2df0421ee127afdfd267d1b5d0c59bcea771cf160ea4a"},
    {file = "coverage-7.3.3-cp39-cp39-manylinux_2_5_x86_64.manylinux1_x86_64.manylinux_2_17_x86_64.manylinux2014_x86_64.whl", hash = "sha256:f3bfd2c2f0e5384276e12b14882bf2c7621f97c35320c3e7132c156ce18436a1"},
    {file = "coverage-7.3.3-cp39-cp39-musllinux_1_1_aarch64.whl", hash = "sha256:7f3bad1a9313401ff2964e411ab7d57fb700a2d5478b727e13f156c8f89774a0"},
    {file = "coverage-7.3.3-cp39-cp39-musllinux_1_1_i686.whl", hash = "sha256:65d716b736f16e250435473c5ca01285d73c29f20097decdbb12571d5dfb2c94"},
    {file = "coverage-7.3.3-cp39-cp39-musllinux_1_1_x86_64.whl", hash = "sha256:a702e66483b1fe602717020a0e90506e759c84a71dbc1616dd55d29d86a9b91f"},
    {file = "coverage-7.3.3-cp39-cp39-win32.whl", hash = "sha256:7fbf3f5756e7955174a31fb579307d69ffca91ad163467ed123858ce0f3fd4aa"},
    {file = "coverage-7.3.3-cp39-cp39-win_amd64.whl", hash = "sha256:cad9afc1644b979211989ec3ff7d82110b2ed52995c2f7263e7841c846a75348"},
    {file = "coverage-7.3.3-pp38.pp39.pp310-none-any.whl", hash = "sha256:d299d379b676812e142fb57662a8d0d810b859421412b4d7af996154c00c31bb"},
    {file = "coverage-7.3.3.tar.gz", hash = "sha256:df04c64e58df96b4427db8d0559e95e2df3138c9916c96f9f6a4dd220db2fdb7"},
]

[package.extras]
toml = ["tomli"]

[[package]]
name = "distro"
version = "1.8.0"
description = "Distro - an OS platform information API"
optional = false
python-versions = ">=3.6"
files = [
    {file = "distro-1.8.0-py3-none-any.whl", hash = "sha256:99522ca3e365cac527b44bde033f64c6945d90eb9f769703caaec52b09bbd3ff"},
    {file = "distro-1.8.0.tar.gz", hash = "sha256:02e111d1dc6a50abb8eed6bf31c3e48ed8b0830d1ea2a1b78c61765c2513fdd8"},
]

[[package]]
name = "docstring-parser"
version = "0.15"
description = "Parse Python docstrings in reST, Google and Numpydoc format"
optional = false
python-versions = ">=3.6,<4.0"
files = [
    {file = "docstring_parser-0.15-py3-none-any.whl", hash = "sha256:d1679b86250d269d06a99670924d6bce45adc00b08069dae8c47d98e89b667a9"},
    {file = "docstring_parser-0.15.tar.gz", hash = "sha256:48ddc093e8b1865899956fcc03b03e66bb7240c310fac5af81814580c55bf682"},
]

[[package]]
name = "exceptiongroup"
version = "1.2.0"
description = "Backport of PEP 654 (exception groups)"
optional = false
python-versions = ">=3.7"
files = [
    {file = "exceptiongroup-1.2.0-py3-none-any.whl", hash = "sha256:4bfd3996ac73b41e9b9628b04e079f193850720ea5945fc96a08633c66912f14"},
    {file = "exceptiongroup-1.2.0.tar.gz", hash = "sha256:91f5c769735f051a4290d52edd0858999b57e5876e9f85937691bd4c9fa3ed68"},
]

[package.extras]
test = ["pytest (>=6)"]

[[package]]
name = "h11"
version = "0.14.0"
description = "A pure-Python, bring-your-own-I/O implementation of HTTP/1.1"
optional = false
python-versions = ">=3.7"
files = [
    {file = "h11-0.14.0-py3-none-any.whl", hash = "sha256:e3fe4ac4b851c468cc8363d500db52c2ead036020723024a109d37346efaa761"},
    {file = "h11-0.14.0.tar.gz", hash = "sha256:8f19fbbe99e72420ff35c00b27a34cb9937e902a8b810e2c88300c6f0a3b699d"},
]

[[package]]
name = "httpcore"
version = "1.0.2"
description = "A minimal low-level HTTP client."
optional = false
python-versions = ">=3.8"
files = [
    {file = "httpcore-1.0.2-py3-none-any.whl", hash = "sha256:096cc05bca73b8e459a1fc3dcf585148f63e534eae4339559c9b8a8d6399acc7"},
    {file = "httpcore-1.0.2.tar.gz", hash = "sha256:9fc092e4799b26174648e54b74ed5f683132a464e95643b226e00c2ed2fa6535"},
]

[package.dependencies]
certifi = "*"
h11 = ">=0.13,<0.15"

[package.extras]
asyncio = ["anyio (>=4.0,<5.0)"]
http2 = ["h2 (>=3,<5)"]
socks = ["socksio (==1.*)"]
trio = ["trio (>=0.22.0,<0.23.0)"]

[[package]]
name = "httpx"
version = "0.25.2"
description = "The next generation HTTP client."
optional = false
python-versions = ">=3.8"
files = [
    {file = "httpx-0.25.2-py3-none-any.whl", hash = "sha256:a05d3d052d9b2dfce0e3896636467f8a5342fb2b902c819428e1ac65413ca118"},
    {file = "httpx-0.25.2.tar.gz", hash = "sha256:8b8fcaa0c8ea7b05edd69a094e63a2094c4efcb48129fb757361bc423c0ad9e8"},
]

[package.dependencies]
anyio = "*"
certifi = "*"
httpcore = "==1.*"
idna = "*"
sniffio = "*"

[package.extras]
brotli = ["brotli", "brotlicffi"]
cli = ["click (==8.*)", "pygments (==2.*)", "rich (>=10,<14)"]
http2 = ["h2 (>=3,<5)"]
socks = ["socksio (==1.*)"]

[[package]]
name = "idna"
version = "3.6"
description = "Internationalized Domain Names in Applications (IDNA)"
optional = false
python-versions = ">=3.5"
files = [
    {file = "idna-3.6-py3-none-any.whl", hash = "sha256:c05567e9c24a6b9faaa835c4821bad0590fbb9d5779e7caa6e1cc4978e7eb24f"},
    {file = "idna-3.6.tar.gz", hash = "sha256:9ecdbbd083b06798ae1e86adcbfe8ab1479cf864e4ee30fe4e46a003d12491ca"},
]

[[package]]
name = "iniconfig"
version = "2.0.0"
description = "brain-dead simple config-ini parsing"
optional = false
python-versions = ">=3.7"
files = [
    {file = "iniconfig-2.0.0-py3-none-any.whl", hash = "sha256:b6a85871a79d2e3b22d2d1b94ac2824226a63c6b741c88f7ae975f18b6778374"},
    {file = "iniconfig-2.0.0.tar.gz", hash = "sha256:2d91e135bf72d31a410b17c16da610a82cb55f6b0477d1a902134b24a455b8b3"},
]

[[package]]
name = "mypy-extensions"
version = "1.0.0"
description = "Type system extensions for programs checked with the mypy type checker."
optional = false
python-versions = ">=3.5"
files = [
    {file = "mypy_extensions-1.0.0-py3-none-any.whl", hash = "sha256:4392f6c0eb8a5668a69e23d168ffa70f0be9ccfd32b5cc2d26a34ae5b844552d"},
    {file = "mypy_extensions-1.0.0.tar.gz", hash = "sha256:75dbf8955dc00442a438fc4d0666508a9a97b6bd41aa2f0ffe9d2f2725af0782"},
]

[[package]]
name = "openai"
version = "1.3.9"
description = "The official Python library for the openai API"
optional = false
python-versions = ">=3.7.1"
files = [
    {file = "openai-1.3.9-py3-none-any.whl", hash = "sha256:d30faeffe5995a2cf6b790c0260a5b59647e81c3a1f3b62f51b5e0a0e52681c9"},
    {file = "openai-1.3.9.tar.gz", hash = "sha256:6f638d96bc89b4394be1d7b37d312f70a055df1a471c92d4c4b2ae3a70c98cb3"},
]

[package.dependencies]
anyio = ">=3.5.0,<5"
distro = ">=1.7.0,<2"
httpx = ">=0.23.0,<1"
pydantic = ">=1.9.0,<3"
sniffio = "*"
tqdm = ">4"
typing-extensions = ">=4.5,<5"

[package.extras]
datalib = ["numpy (>=1)", "pandas (>=1.2.3)", "pandas-stubs (>=1.1.0.11)"]

[[package]]
name = "packaging"
version = "23.2"
description = "Core utilities for Python packages"
optional = false
python-versions = ">=3.7"
files = [
    {file = "packaging-23.2-py3-none-any.whl", hash = "sha256:8c491190033a9af7e1d931d0b5dacc2ef47509b34dd0de67ed209b5203fc88c7"},
    {file = "packaging-23.2.tar.gz", hash = "sha256:048fb0e9405036518eaaf48a55953c750c11e1a1b68e0dd1a9d62ed0c092cfc5"},
]

[[package]]
name = "pathspec"
version = "0.12.1"
description = "Utility library for gitignore style pattern matching of file paths."
optional = false
python-versions = ">=3.8"
files = [
    {file = "pathspec-0.12.1-py3-none-any.whl", hash = "sha256:a0d503e138a4c123b27490a4f7beda6a01c6f288df0e4a8b79c7eb0dc7b4cc08"},
    {file = "pathspec-0.12.1.tar.gz", hash = "sha256:a482d51503a1ab33b1c67a6c3813a26953dbdc71c31dacaef9a838c4e29f5712"},
]

[[package]]
name = "platformdirs"
version = "4.1.0"
description = "A small Python package for determining appropriate platform-specific dirs, e.g. a \"user data dir\"."
optional = false
python-versions = ">=3.8"
files = [
    {file = "platformdirs-4.1.0-py3-none-any.whl", hash = "sha256:11c8f37bcca40db96d8144522d925583bdb7a31f7b0e37e3ed4318400a8e2380"},
    {file = "platformdirs-4.1.0.tar.gz", hash = "sha256:906d548203468492d432bcb294d4bc2fff751bf84971fbb2c10918cc206ee420"},
]

[package.extras]
docs = ["furo (>=2023.7.26)", "proselint (>=0.13)", "sphinx (>=7.1.1)", "sphinx-autodoc-typehints (>=1.24)"]
test = ["appdirs (==1.4.4)", "covdefaults (>=2.3)", "pytest (>=7.4)", "pytest-cov (>=4.1)", "pytest-mock (>=3.11.1)"]

[[package]]
name = "pluggy"
version = "1.3.0"
description = "plugin and hook calling mechanisms for python"
optional = false
python-versions = ">=3.8"
files = [
    {file = "pluggy-1.3.0-py3-none-any.whl", hash = "sha256:d89c696a773f8bd377d18e5ecda92b7a3793cbe66c87060a6fb58c7b6e1061f7"},
    {file = "pluggy-1.3.0.tar.gz", hash = "sha256:cf61ae8f126ac6f7c451172cf30e3e43d3ca77615509771b3a984a0730651e12"},
]

[package.extras]
dev = ["pre-commit", "tox"]
testing = ["pytest", "pytest-benchmark"]

[[package]]
name = "pydantic"
version = "2.5.2"
description = "Data validation using Python type hints"
optional = false
python-versions = ">=3.7"
files = [
    {file = "pydantic-2.5.2-py3-none-any.whl", hash = "sha256:80c50fb8e3dcecfddae1adbcc00ec5822918490c99ab31f6cf6140ca1c1429f0"},
    {file = "pydantic-2.5.2.tar.gz", hash = "sha256:ff177ba64c6faf73d7afa2e8cad38fd456c0dbe01c9954e71038001cd15a6edd"},
]

[package.dependencies]
annotated-types = ">=0.4.0"
pydantic-core = "2.14.5"
typing-extensions = ">=4.6.1"

[package.extras]
email = ["email-validator (>=2.0.0)"]

[[package]]
name = "pydantic-core"
version = "2.14.5"
description = ""
optional = false
python-versions = ">=3.7"
files = [
    {file = "pydantic_core-2.14.5-cp310-cp310-macosx_10_7_x86_64.whl", hash = "sha256:7e88f5696153dc516ba6e79f82cc4747e87027205f0e02390c21f7cb3bd8abfd"},
    {file = "pydantic_core-2.14.5-cp310-cp310-macosx_11_0_arm64.whl", hash = "sha256:4641e8ad4efb697f38a9b64ca0523b557c7931c5f84e0fd377a9a3b05121f0de"},
    {file = "pydantic_core-2.14.5-cp310-cp310-manylinux_2_17_aarch64.manylinux2014_aarch64.whl", hash = "sha256:774de879d212db5ce02dfbf5b0da9a0ea386aeba12b0b95674a4ce0593df3d07"},
    {file = "pydantic_core-2.14.5-cp310-cp310-manylinux_2_17_armv7l.manylinux2014_armv7l.whl", hash = "sha256:ebb4e035e28f49b6f1a7032920bb9a0c064aedbbabe52c543343d39341a5b2a3"},
    {file = "pydantic_core-2.14.5-cp310-cp310-manylinux_2_17_ppc64le.manylinux2014_ppc64le.whl", hash = "sha256:b53e9ad053cd064f7e473a5f29b37fc4cc9dc6d35f341e6afc0155ea257fc911"},
    {file = "pydantic_core-2.14.5-cp310-cp310-manylinux_2_17_s390x.manylinux2014_s390x.whl", hash = "sha256:8aa1768c151cf562a9992462239dfc356b3d1037cc5a3ac829bb7f3bda7cc1f9"},
    {file = "pydantic_core-2.14.5-cp310-cp310-manylinux_2_17_x86_64.manylinux2014_x86_64.whl", hash = "sha256:eac5c82fc632c599f4639a5886f96867ffced74458c7db61bc9a66ccb8ee3113"},
    {file = "pydantic_core-2.14.5-cp310-cp310-manylinux_2_5_i686.manylinux1_i686.whl", hash = "sha256:d2ae91f50ccc5810b2f1b6b858257c9ad2e08da70bf890dee02de1775a387c66"},
    {file = "pydantic_core-2.14.5-cp310-cp310-musllinux_1_1_aarch64.whl", hash = "sha256:6b9ff467ffbab9110e80e8c8de3bcfce8e8b0fd5661ac44a09ae5901668ba997"},
    {file = "pydantic_core-2.14.5-cp310-cp310-musllinux_1_1_x86_64.whl", hash = "sha256:61ea96a78378e3bd5a0be99b0e5ed00057b71f66115f5404d0dae4819f495093"},
    {file = "pydantic_core-2.14.5-cp310-none-win32.whl", hash = "sha256:bb4c2eda937a5e74c38a41b33d8c77220380a388d689bcdb9b187cf6224c9720"},
    {file = "pydantic_core-2.14.5-cp310-none-win_amd64.whl", hash = "sha256:b7851992faf25eac90bfcb7bfd19e1f5ffa00afd57daec8a0042e63c74a4551b"},
    {file = "pydantic_core-2.14.5-cp311-cp311-macosx_10_7_x86_64.whl", hash = "sha256:4e40f2bd0d57dac3feb3a3aed50f17d83436c9e6b09b16af271b6230a2915459"},
    {file = "pydantic_core-2.14.5-cp311-cp311-macosx_11_0_arm64.whl", hash = "sha256:ab1cdb0f14dc161ebc268c09db04d2c9e6f70027f3b42446fa11c153521c0e88"},
    {file = "pydantic_core-2.14.5-cp311-cp311-manylinux_2_17_aarch64.manylinux2014_aarch64.whl", hash = "sha256:aae7ea3a1c5bb40c93cad361b3e869b180ac174656120c42b9fadebf685d121b"},
    {file = "pydantic_core-2.14.5-cp311-cp311-manylinux_2_17_armv7l.manylinux2014_armv7l.whl", hash = "sha256:60b7607753ba62cf0739177913b858140f11b8af72f22860c28eabb2f0a61937"},
    {file = "pydantic_core-2.14.5-cp311-cp311-manylinux_2_17_ppc64le.manylinux2014_ppc64le.whl", hash = "sha256:2248485b0322c75aee7565d95ad0e16f1c67403a470d02f94da7344184be770f"},
    {file = "pydantic_core-2.14.5-cp311-cp311-manylinux_2_17_s390x.manylinux2014_s390x.whl", hash = "sha256:823fcc638f67035137a5cd3f1584a4542d35a951c3cc68c6ead1df7dac825c26"},
    {file = "pydantic_core-2.14.5-cp311-cp311-manylinux_2_17_x86_64.manylinux2014_x86_64.whl", hash = "sha256:96581cfefa9123accc465a5fd0cc833ac4d75d55cc30b633b402e00e7ced00a6"},
    {file = "pydantic_core-2.14.5-cp311-cp311-manylinux_2_5_i686.manylinux1_i686.whl", hash = "sha256:a33324437018bf6ba1bb0f921788788641439e0ed654b233285b9c69704c27b4"},
    {file = "pydantic_core-2.14.5-cp311-cp311-musllinux_1_1_aarch64.whl", hash = "sha256:9bd18fee0923ca10f9a3ff67d4851c9d3e22b7bc63d1eddc12f439f436f2aada"},
    {file = "pydantic_core-2.14.5-cp311-cp311-musllinux_1_1_x86_64.whl", hash = "sha256:853a2295c00f1d4429db4c0fb9475958543ee80cfd310814b5c0ef502de24dda"},
    {file = "pydantic_core-2.14.5-cp311-none-win32.whl", hash = "sha256:cb774298da62aea5c80a89bd58c40205ab4c2abf4834453b5de207d59d2e1651"},
    {file = "pydantic_core-2.14.5-cp311-none-win_amd64.whl", hash = "sha256:e87fc540c6cac7f29ede02e0f989d4233f88ad439c5cdee56f693cc9c1c78077"},
    {file = "pydantic_core-2.14.5-cp311-none-win_arm64.whl", hash = "sha256:57d52fa717ff445cb0a5ab5237db502e6be50809b43a596fb569630c665abddf"},
    {file = "pydantic_core-2.14.5-cp312-cp312-macosx_10_7_x86_64.whl", hash = "sha256:e60f112ac88db9261ad3a52032ea46388378034f3279c643499edb982536a093"},
    {file = "pydantic_core-2.14.5-cp312-cp312-macosx_11_0_arm64.whl", hash = "sha256:6e227c40c02fd873c2a73a98c1280c10315cbebe26734c196ef4514776120aeb"},
    {file = "pydantic_core-2.14.5-cp312-cp312-manylinux_2_17_aarch64.manylinux2014_aarch64.whl", hash = "sha256:f0cbc7fff06a90bbd875cc201f94ef0ee3929dfbd5c55a06674b60857b8b85ed"},
    {file = "pydantic_core-2.14.5-cp312-cp312-manylinux_2_17_armv7l.manylinux2014_armv7l.whl", hash = "sha256:103ef8d5b58596a731b690112819501ba1db7a36f4ee99f7892c40da02c3e189"},
    {file = "pydantic_core-2.14.5-cp312-cp312-manylinux_2_17_ppc64le.manylinux2014_ppc64le.whl", hash = "sha256:c949f04ecad823f81b1ba94e7d189d9dfb81edbb94ed3f8acfce41e682e48cef"},
    {file = "pydantic_core-2.14.5-cp312-cp312-manylinux_2_17_s390x.manylinux2014_s390x.whl", hash = "sha256:c1452a1acdf914d194159439eb21e56b89aa903f2e1c65c60b9d874f9b950e5d"},
    {file = "pydantic_core-2.14.5-cp312-cp312-manylinux_2_17_x86_64.manylinux2014_x86_64.whl", hash = "sha256:cb4679d4c2b089e5ef89756bc73e1926745e995d76e11925e3e96a76d5fa51fc"},
    {file = "pydantic_core-2.14.5-cp312-cp312-manylinux_2_5_i686.manylinux1_i686.whl", hash = "sha256:cf9d3fe53b1ee360e2421be95e62ca9b3296bf3f2fb2d3b83ca49ad3f925835e"},
    {file = "pydantic_core-2.14.5-cp312-cp312-musllinux_1_1_aarch64.whl", hash = "sha256:70f4b4851dbb500129681d04cc955be2a90b2248d69273a787dda120d5cf1f69"},
    {file = "pydantic_core-2.14.5-cp312-cp312-musllinux_1_1_x86_64.whl", hash = "sha256:59986de5710ad9613ff61dd9b02bdd2f615f1a7052304b79cc8fa2eb4e336d2d"},
    {file = "pydantic_core-2.14.5-cp312-none-win32.whl", hash = "sha256:699156034181e2ce106c89ddb4b6504c30db8caa86e0c30de47b3e0654543260"},
    {file = "pydantic_core-2.14.5-cp312-none-win_amd64.whl", hash = "sha256:5baab5455c7a538ac7e8bf1feec4278a66436197592a9bed538160a2e7d11e36"},
    {file = "pydantic_core-2.14.5-cp312-none-win_arm64.whl", hash = "sha256:e47e9a08bcc04d20975b6434cc50bf82665fbc751bcce739d04a3120428f3e27"},
    {file = "pydantic_core-2.14.5-cp37-cp37m-macosx_10_7_x86_64.whl", hash = "sha256:af36f36538418f3806048f3b242a1777e2540ff9efaa667c27da63d2749dbce0"},
    {file = "pydantic_core-2.14.5-cp37-cp37m-macosx_11_0_arm64.whl", hash = "sha256:45e95333b8418ded64745f14574aa9bfc212cb4fbeed7a687b0c6e53b5e188cd"},
    {file = "pydantic_core-2.14.5-cp37-cp37m-manylinux_2_17_aarch64.manylinux2014_aarch64.whl", hash = "sha256:4e47a76848f92529879ecfc417ff88a2806438f57be4a6a8bf2961e8f9ca9ec7"},
    {file = "pydantic_core-2.14.5-cp37-cp37m-manylinux_2_17_armv7l.manylinux2014_armv7l.whl", hash = "sha256:d81e6987b27bc7d101c8597e1cd2bcaa2fee5e8e0f356735c7ed34368c471550"},
    {file = "pydantic_core-2.14.5-cp37-cp37m-manylinux_2_17_ppc64le.manylinux2014_ppc64le.whl", hash = "sha256:34708cc82c330e303f4ce87758828ef6e457681b58ce0e921b6e97937dd1e2a3"},
    {file = "pydantic_core-2.14.5-cp37-cp37m-manylinux_2_17_s390x.manylinux2014_s390x.whl", hash = "sha256:652c1988019752138b974c28f43751528116bcceadad85f33a258869e641d753"},
    {file = "pydantic_core-2.14.5-cp37-cp37m-manylinux_2_17_x86_64.manylinux2014_x86_64.whl", hash = "sha256:6e4d090e73e0725b2904fdbdd8d73b8802ddd691ef9254577b708d413bf3006e"},
    {file = "pydantic_core-2.14.5-cp37-cp37m-manylinux_2_5_i686.manylinux1_i686.whl", hash = "sha256:5c7d5b5005f177764e96bd584d7bf28d6e26e96f2a541fdddb934c486e36fd59"},
    {file = "pydantic_core-2.14.5-cp37-cp37m-musllinux_1_1_aarch64.whl", hash = "sha256:a71891847f0a73b1b9eb86d089baee301477abef45f7eaf303495cd1473613e4"},
    {file = "pydantic_core-2.14.5-cp37-cp37m-musllinux_1_1_x86_64.whl", hash = "sha256:a717aef6971208f0851a2420b075338e33083111d92041157bbe0e2713b37325"},
    {file = "pydantic_core-2.14.5-cp37-none-win32.whl", hash = "sha256:de790a3b5aa2124b8b78ae5faa033937a72da8efe74b9231698b5a1dd9be3405"},
    {file = "pydantic_core-2.14.5-cp37-none-win_amd64.whl", hash = "sha256:6c327e9cd849b564b234da821236e6bcbe4f359a42ee05050dc79d8ed2a91588"},
    {file = "pydantic_core-2.14.5-cp38-cp38-macosx_10_7_x86_64.whl", hash = "sha256:ef98ca7d5995a82f43ec0ab39c4caf6a9b994cb0b53648ff61716370eadc43cf"},
    {file = "pydantic_core-2.14.5-cp38-cp38-macosx_11_0_arm64.whl", hash = "sha256:c6eae413494a1c3f89055da7a5515f32e05ebc1a234c27674a6956755fb2236f"},
    {file = "pydantic_core-2.14.5-cp38-cp38-manylinux_2_17_aarch64.manylinux2014_aarch64.whl", hash = "sha256:dcf4e6d85614f7a4956c2de5a56531f44efb973d2fe4a444d7251df5d5c4dcfd"},
    {file = "pydantic_core-2.14.5-cp38-cp38-manylinux_2_17_armv7l.manylinux2014_armv7l.whl", hash = "sha256:6637560562134b0e17de333d18e69e312e0458ee4455bdad12c37100b7cad706"},
    {file = "pydantic_core-2.14.5-cp38-cp38-manylinux_2_17_ppc64le.manylinux2014_ppc64le.whl", hash = "sha256:77fa384d8e118b3077cccfcaf91bf83c31fe4dc850b5e6ee3dc14dc3d61bdba1"},
    {file = "pydantic_core-2.14.5-cp38-cp38-manylinux_2_17_s390x.manylinux2014_s390x.whl", hash = "sha256:16e29bad40bcf97aac682a58861249ca9dcc57c3f6be22f506501833ddb8939c"},
    {file = "pydantic_core-2.14.5-cp38-cp38-manylinux_2_17_x86_64.manylinux2014_x86_64.whl", hash = "sha256:531f4b4252fac6ca476fbe0e6f60f16f5b65d3e6b583bc4d87645e4e5ddde331"},
    {file = "pydantic_core-2.14.5-cp38-cp38-manylinux_2_5_i686.manylinux1_i686.whl", hash = "sha256:074f3d86f081ce61414d2dc44901f4f83617329c6f3ab49d2bc6c96948b2c26b"},
    {file = "pydantic_core-2.14.5-cp38-cp38-musllinux_1_1_aarch64.whl", hash = "sha256:c2adbe22ab4babbca99c75c5d07aaf74f43c3195384ec07ccbd2f9e3bddaecec"},
    {file = "pydantic_core-2.14.5-cp38-cp38-musllinux_1_1_x86_64.whl", hash = "sha256:0f6116a558fd06d1b7c2902d1c4cf64a5bd49d67c3540e61eccca93f41418124"},
    {file = "pydantic_core-2.14.5-cp38-none-win32.whl", hash = "sha256:fe0a5a1025eb797752136ac8b4fa21aa891e3d74fd340f864ff982d649691867"},
    {file = "pydantic_core-2.14.5-cp38-none-win_amd64.whl", hash = "sha256:079206491c435b60778cf2b0ee5fd645e61ffd6e70c47806c9ed51fc75af078d"},
    {file = "pydantic_core-2.14.5-cp39-cp39-macosx_10_7_x86_64.whl", hash = "sha256:a6a16f4a527aae4f49c875da3cdc9508ac7eef26e7977952608610104244e1b7"},
    {file = "pydantic_core-2.14.5-cp39-cp39-macosx_11_0_arm64.whl", hash = "sha256:abf058be9517dc877227ec3223f0300034bd0e9f53aebd63cf4456c8cb1e0863"},
    {file = "pydantic_core-2.14.5-cp39-cp39-manylinux_2_17_aarch64.manylinux2014_aarch64.whl", hash = "sha256:49b08aae5013640a3bfa25a8eebbd95638ec3f4b2eaf6ed82cf0c7047133f03b"},
    {file = "pydantic_core-2.14.5-cp39-cp39-manylinux_2_17_armv7l.manylinux2014_armv7l.whl", hash = "sha256:c2d97e906b4ff36eb464d52a3bc7d720bd6261f64bc4bcdbcd2c557c02081ed2"},
    {file = "pydantic_core-2.14.5-cp39-cp39-manylinux_2_17_ppc64le.manylinux2014_ppc64le.whl", hash = "sha256:3128e0bbc8c091ec4375a1828d6118bc20404883169ac95ffa8d983b293611e6"},
    {file = "pydantic_core-2.14.5-cp39-cp39-manylinux_2_17_s390x.manylinux2014_s390x.whl", hash = "sha256:88e74ab0cdd84ad0614e2750f903bb0d610cc8af2cc17f72c28163acfcf372a4"},
    {file = "pydantic_core-2.14.5-cp39-cp39-manylinux_2_17_x86_64.manylinux2014_x86_64.whl", hash = "sha256:c339dabd8ee15f8259ee0f202679b6324926e5bc9e9a40bf981ce77c038553db"},
    {file = "pydantic_core-2.14.5-cp39-cp39-manylinux_2_5_i686.manylinux1_i686.whl", hash = "sha256:3387277f1bf659caf1724e1afe8ee7dbc9952a82d90f858ebb931880216ea955"},
    {file = "pydantic_core-2.14.5-cp39-cp39-musllinux_1_1_aarch64.whl", hash = "sha256:ba6b6b3846cfc10fdb4c971980a954e49d447cd215ed5a77ec8190bc93dd7bc5"},
    {file = "pydantic_core-2.14.5-cp39-cp39-musllinux_1_1_x86_64.whl", hash = "sha256:ca61d858e4107ce5e1330a74724fe757fc7135190eb5ce5c9d0191729f033209"},
    {file = "pydantic_core-2.14.5-cp39-none-win32.whl", hash = "sha256:ec1e72d6412f7126eb7b2e3bfca42b15e6e389e1bc88ea0069d0cc1742f477c6"},
    {file = "pydantic_core-2.14.5-cp39-none-win_amd64.whl", hash = "sha256:c0b97ec434041827935044bbbe52b03d6018c2897349670ff8fe11ed24d1d4ab"},
    {file = "pydantic_core-2.14.5-pp310-pypy310_pp73-macosx_10_7_x86_64.whl", hash = "sha256:79e0a2cdbdc7af3f4aee3210b1172ab53d7ddb6a2d8c24119b5706e622b346d0"},
    {file = "pydantic_core-2.14.5-pp310-pypy310_pp73-macosx_11_0_arm64.whl", hash = "sha256:678265f7b14e138d9a541ddabbe033012a2953315739f8cfa6d754cc8063e8ca"},
    {file = "pydantic_core-2.14.5-pp310-pypy310_pp73-manylinux_2_17_aarch64.manylinux2014_aarch64.whl", hash = "sha256:95b15e855ae44f0c6341ceb74df61b606e11f1087e87dcb7482377374aac6abe"},
    {file = "pydantic_core-2.14.5-pp310-pypy310_pp73-manylinux_2_17_x86_64.manylinux2014_x86_64.whl", hash = "sha256:09b0e985fbaf13e6b06a56d21694d12ebca6ce5414b9211edf6f17738d82b0f8"},
    {file = "pydantic_core-2.14.5-pp310-pypy310_pp73-manylinux_2_5_i686.manylinux1_i686.whl", hash = "sha256:3ad873900297bb36e4b6b3f7029d88ff9829ecdc15d5cf20161775ce12306f8a"},
    {file = "pydantic_core-2.14.5-pp310-pypy310_pp73-musllinux_1_1_aarch64.whl", hash = "sha256:2d0ae0d8670164e10accbeb31d5ad45adb71292032d0fdb9079912907f0085f4"},
    {file = "pydantic_core-2.14.5-pp310-pypy310_pp73-musllinux_1_1_x86_64.whl", hash = "sha256:d37f8ec982ead9ba0a22a996129594938138a1503237b87318392a48882d50b7"},
    {file = "pydantic_core-2.14.5-pp310-pypy310_pp73-win_amd64.whl", hash = "sha256:35613015f0ba7e14c29ac6c2483a657ec740e5ac5758d993fdd5870b07a61d8b"},
    {file = "pydantic_core-2.14.5-pp37-pypy37_pp73-macosx_10_7_x86_64.whl", hash = "sha256:ab4ea451082e684198636565224bbb179575efc1658c48281b2c866bfd4ddf04"},
    {file = "pydantic_core-2.14.5-pp37-pypy37_pp73-manylinux_2_17_aarch64.manylinux2014_aarch64.whl", hash = "sha256:4ce601907e99ea5b4adb807ded3570ea62186b17f88e271569144e8cca4409c7"},
    {file = "pydantic_core-2.14.5-pp37-pypy37_pp73-manylinux_2_17_x86_64.manylinux2014_x86_64.whl", hash = "sha256:fb2ed8b3fe4bf4506d6dab3b93b83bbc22237e230cba03866d561c3577517d18"},
    {file = "pydantic_core-2.14.5-pp37-pypy37_pp73-manylinux_2_5_i686.manylinux1_i686.whl", hash = "sha256:70f947628e074bb2526ba1b151cee10e4c3b9670af4dbb4d73bc8a89445916b5"},
    {file = "pydantic_core-2.14.5-pp37-pypy37_pp73-musllinux_1_1_aarch64.whl", hash = "sha256:4bc536201426451f06f044dfbf341c09f540b4ebdb9fd8d2c6164d733de5e634"},
    {file = "pydantic_core-2.14.5-pp37-pypy37_pp73-musllinux_1_1_x86_64.whl", hash = "sha256:f4791cf0f8c3104ac668797d8c514afb3431bc3305f5638add0ba1a5a37e0d88"},
    {file = "pydantic_core-2.14.5-pp38-pypy38_pp73-macosx_10_7_x86_64.whl", hash = "sha256:038c9f763e650712b899f983076ce783175397c848da04985658e7628cbe873b"},
    {file = "pydantic_core-2.14.5-pp38-pypy38_pp73-macosx_11_0_arm64.whl", hash = "sha256:27548e16c79702f1e03f5628589c6057c9ae17c95b4c449de3c66b589ead0520"},
    {file = "pydantic_core-2.14.5-pp38-pypy38_pp73-manylinux_2_17_aarch64.manylinux2014_aarch64.whl", hash = "sha256:c97bee68898f3f4344eb02fec316db93d9700fb1e6a5b760ffa20d71d9a46ce3"},
    {file = "pydantic_core-2.14.5-pp38-pypy38_pp73-manylinux_2_17_x86_64.manylinux2014_x86_64.whl", hash = "sha256:b9b759b77f5337b4ea024f03abc6464c9f35d9718de01cfe6bae9f2e139c397e"},
    {file = "pydantic_core-2.14.5-pp38-pypy38_pp73-manylinux_2_5_i686.manylinux1_i686.whl", hash = "sha256:439c9afe34638ace43a49bf72d201e0ffc1a800295bed8420c2a9ca8d5e3dbb3"},
    {file = "pydantic_core-2.14.5-pp38-pypy38_pp73-musllinux_1_1_aarch64.whl", hash = "sha256:ba39688799094c75ea8a16a6b544eb57b5b0f3328697084f3f2790892510d144"},
    {file = "pydantic_core-2.14.5-pp38-pypy38_pp73-musllinux_1_1_x86_64.whl", hash = "sha256:ccd4d5702bb90b84df13bd491be8d900b92016c5a455b7e14630ad7449eb03f8"},
    {file = "pydantic_core-2.14.5-pp38-pypy38_pp73-win_amd64.whl", hash = "sha256:81982d78a45d1e5396819bbb4ece1fadfe5f079335dd28c4ab3427cd95389944"},
    {file = "pydantic_core-2.14.5-pp39-pypy39_pp73-macosx_10_7_x86_64.whl", hash = "sha256:7f8210297b04e53bc3da35db08b7302a6a1f4889c79173af69b72ec9754796b8"},
    {file = "pydantic_core-2.14.5-pp39-pypy39_pp73-macosx_11_0_arm64.whl", hash = "sha256:8c8a8812fe6f43a3a5b054af6ac2d7b8605c7bcab2804a8a7d68b53f3cd86e00"},
    {file = "pydantic_core-2.14.5-pp39-pypy39_pp73-manylinux_2_17_aarch64.manylinux2014_aarch64.whl", hash = "sha256:206ed23aecd67c71daf5c02c3cd19c0501b01ef3cbf7782db9e4e051426b3d0d"},
    {file = "pydantic_core-2.14.5-pp39-pypy39_pp73-manylinux_2_17_x86_64.manylinux2014_x86_64.whl", hash = "sha256:c2027d05c8aebe61d898d4cffd774840a9cb82ed356ba47a90d99ad768f39789"},
    {file = "pydantic_core-2.14.5-pp39-pypy39_pp73-manylinux_2_5_i686.manylinux1_i686.whl", hash = "sha256:40180930807ce806aa71eda5a5a5447abb6b6a3c0b4b3b1b1962651906484d68"},
    {file = "pydantic_core-2.14.5-pp39-pypy39_pp73-musllinux_1_1_aarch64.whl", hash = "sha256:615a0a4bff11c45eb3c1996ceed5bdaa2f7b432425253a7c2eed33bb86d80abc"},
    {file = "pydantic_core-2.14.5-pp39-pypy39_pp73-musllinux_1_1_x86_64.whl", hash = "sha256:f5e412d717366e0677ef767eac93566582518fe8be923361a5c204c1a62eaafe"},
    {file = "pydantic_core-2.14.5-pp39-pypy39_pp73-win_amd64.whl", hash = "sha256:513b07e99c0a267b1d954243845d8a833758a6726a3b5d8948306e3fe14675e3"},
    {file = "pydantic_core-2.14.5.tar.gz", hash = "sha256:6d30226dfc816dd0fdf120cae611dd2215117e4f9b124af8c60ab9093b6e8e71"},
]

[package.dependencies]
typing-extensions = ">=4.6.0,<4.7.0 || >4.7.0"

[[package]]
name = "pytest"
version = "7.4.3"
description = "pytest: simple powerful testing with Python"
optional = false
python-versions = ">=3.7"
files = [
    {file = "pytest-7.4.3-py3-none-any.whl", hash = "sha256:0d009c083ea859a71b76adf7c1d502e4bc170b80a8ef002da5806527b9591fac"},
    {file = "pytest-7.4.3.tar.gz", hash = "sha256:d989d136982de4e3b29dabcc838ad581c64e8ed52c11fbe86ddebd9da0818cd5"},
]

[package.dependencies]
colorama = {version = "*", markers = "sys_platform == \"win32\""}
exceptiongroup = {version = ">=1.0.0rc8", markers = "python_version < \"3.11\""}
iniconfig = "*"
packaging = "*"
pluggy = ">=0.12,<2.0"
tomli = {version = ">=1.0.0", markers = "python_version < \"3.11\""}

[package.extras]
testing = ["argcomplete", "attrs (>=19.2.0)", "hypothesis (>=3.56)", "mock", "nose", "pygments (>=2.7.2)", "requests", "setuptools", "xmlschema"]

[[package]]
name = "ruff"
version = "0.1.8"
description = "An extremely fast Python linter and code formatter, written in Rust."
optional = false
python-versions = ">=3.7"
files = [
    {file = "ruff-0.1.8-py3-none-macosx_10_12_x86_64.macosx_11_0_arm64.macosx_10_12_universal2.whl", hash = "sha256:7de792582f6e490ae6aef36a58d85df9f7a0cfd1b0d4fe6b4fb51803a3ac96fa"},
    {file = "ruff-0.1.8-py3-none-macosx_10_12_x86_64.whl", hash = "sha256:c8e3255afd186c142eef4ec400d7826134f028a85da2146102a1172ecc7c3696"},
    {file = "ruff-0.1.8-py3-none-manylinux_2_17_aarch64.manylinux2014_aarch64.whl", hash = "sha256:ff78a7583020da124dd0deb835ece1d87bb91762d40c514ee9b67a087940528b"},
    {file = "ruff-0.1.8-py3-none-manylinux_2_17_armv7l.manylinux2014_armv7l.whl", hash = "sha256:bd8ee69b02e7bdefe1e5da2d5b6eaaddcf4f90859f00281b2333c0e3a0cc9cd6"},
    {file = "ruff-0.1.8-py3-none-manylinux_2_17_i686.manylinux2014_i686.whl", hash = "sha256:a05b0ddd7ea25495e4115a43125e8a7ebed0aa043c3d432de7e7d6e8e8cd6448"},
    {file = "ruff-0.1.8-py3-none-manylinux_2_17_ppc64.manylinux2014_ppc64.whl", hash = "sha256:e6f08ca730f4dc1b76b473bdf30b1b37d42da379202a059eae54ec7fc1fbcfed"},
    {file = "ruff-0.1.8-py3-none-manylinux_2_17_ppc64le.manylinux2014_ppc64le.whl", hash = "sha256:f35960b02df6b827c1b903091bb14f4b003f6cf102705efc4ce78132a0aa5af3"},
    {file = "ruff-0.1.8-py3-none-manylinux_2_17_s390x.manylinux2014_s390x.whl", hash = "sha256:7d076717c67b34c162da7c1a5bda16ffc205e0e0072c03745275e7eab888719f"},
    {file = "ruff-0.1.8-py3-none-manylinux_2_17_x86_64.manylinux2014_x86_64.whl", hash = "sha256:b6a21ab023124eafb7cef6d038f835cb1155cd5ea798edd8d9eb2f8b84be07d9"},
    {file = "ruff-0.1.8-py3-none-musllinux_1_2_aarch64.whl", hash = "sha256:ce697c463458555027dfb194cb96d26608abab920fa85213deb5edf26e026664"},
    {file = "ruff-0.1.8-py3-none-musllinux_1_2_armv7l.whl", hash = "sha256:db6cedd9ffed55548ab313ad718bc34582d394e27a7875b4b952c2d29c001b26"},
    {file = "ruff-0.1.8-py3-none-musllinux_1_2_i686.whl", hash = "sha256:05ffe9dbd278965271252704eddb97b4384bf58b971054d517decfbf8c523f05"},
    {file = "ruff-0.1.8-py3-none-musllinux_1_2_x86_64.whl", hash = "sha256:5daaeaf00ae3c1efec9742ff294b06c3a2a9db8d3db51ee4851c12ad385cda30"},
    {file = "ruff-0.1.8-py3-none-win32.whl", hash = "sha256:e49fbdfe257fa41e5c9e13c79b9e79a23a79bd0e40b9314bc53840f520c2c0b3"},
    {file = "ruff-0.1.8-py3-none-win_amd64.whl", hash = "sha256:f41f692f1691ad87f51708b823af4bb2c5c87c9248ddd3191c8f088e66ce590a"},
    {file = "ruff-0.1.8-py3-none-win_arm64.whl", hash = "sha256:aa8ee4f8440023b0a6c3707f76cadce8657553655dcbb5fc9b2f9bb9bee389f6"},
    {file = "ruff-0.1.8.tar.gz", hash = "sha256:f7ee467677467526cfe135eab86a40a0e8db43117936ac4f9b469ce9cdb3fb62"},
]

[[package]]
name = "sniffio"
version = "1.3.0"
description = "Sniff out which async library your code is running under"
optional = false
python-versions = ">=3.7"
files = [
    {file = "sniffio-1.3.0-py3-none-any.whl", hash = "sha256:eecefdce1e5bbfb7ad2eeaabf7c1eeb404d7757c379bd1f7e5cce9d8bf425384"},
    {file = "sniffio-1.3.0.tar.gz", hash = "sha256:e60305c5e5d314f5389259b7f22aaa33d8f7dee49763119234af3755c55b9101"},
]

[[package]]
name = "tomli"
version = "2.0.1"
description = "A lil' TOML parser"
optional = false
python-versions = ">=3.7"
files = [
    {file = "tomli-2.0.1-py3-none-any.whl", hash = "sha256:939de3e7a6161af0c887ef91b7d41a53e7c5a1ca976325f429cb46ea9bc30ecc"},
    {file = "tomli-2.0.1.tar.gz", hash = "sha256:de526c12914f0c550d15924c62d72abc48d6fe7364aa87328337a31007fe8a4f"},
]

[[package]]
name = "tqdm"
version = "4.66.1"
description = "Fast, Extensible Progress Meter"
optional = false
python-versions = ">=3.7"
files = [
    {file = "tqdm-4.66.1-py3-none-any.whl", hash = "sha256:d302b3c5b53d47bce91fea46679d9c3c6508cf6332229aa1e7d8653723793386"},
    {file = "tqdm-4.66.1.tar.gz", hash = "sha256:d88e651f9db8d8551a62556d3cff9e3034274ca5d66e93197cf2490e2dcb69c7"},
]

[package.dependencies]
colorama = {version = "*", markers = "platform_system == \"Windows\""}

[package.extras]
dev = ["pytest (>=6)", "pytest-cov", "pytest-timeout", "pytest-xdist"]
notebook = ["ipywidgets (>=6)"]
slack = ["slack-sdk"]
telegram = ["requests"]

[[package]]
name = "typing-extensions"
version = "4.9.0"
description = "Backported and Experimental Type Hints for Python 3.8+"
optional = false
python-versions = ">=3.8"
files = [
    {file = "typing_extensions-4.9.0-py3-none-any.whl", hash = "sha256:af72aea155e91adfc61c3ae9e0e342dbc0cba726d6cba4b6c72c1f34e47291cd"},
    {file = "typing_extensions-4.9.0.tar.gz", hash = "sha256:23478f88c37f27d76ac8aee6c905017a143b0b1b886c3c9f66bc2fd94f9f5783"},
]

[metadata]
lock-version = "2.0"
python-versions = ">=3.9, <=3.12"
content-hash = "6aa778d7daf4780536bad3de4525af67d28bd3d6e05fa61e4fe584217c062796"
